
Microsoft Visual Studio Solution File, Format Version 11.00
# Visual Studio 2010
Project("{FAE04EC0-301F-11D3-BF4B-00C04F79EFBC}") = "AMEE-in-Revit.Core", "AMEE-in-Revit.Core\AMEE-in-Revit.Core.csproj", "{98B787E3-C92A-406E-A774-04CCCB5A9F97}"
EndProject
Global
	GlobalSection(SolutionConfigurationPlatforms) = preSolution
		Debug|Any CPU = Debug|Any CPU
		Release|Any CPU = Release|Any CPU
	EndGlobalSection
	GlobalSection(ProjectConfigurationPlatforms) = postSolution
		{98B787E3-C92A-406E-A774-04CCCB5A9F97}.Debug|Any CPU.ActiveCfg = Debug|Any CPU
		{98B787E3-C92A-406E-A774-04CCCB5A9F97}.Debug|Any CPU.Build.0 = Debug|Any CPU
		{98B787E3-C92A-406E-A774-04CCCB5A9F97}.Release|Any CPU.ActiveCfg = Release|Any CPU
		{98B787E3-C92A-406E-A774-04CCCB5A9F97}.Release|Any CPU.Build.0 = Release|Any CPU
	EndGlobalSection
	GlobalSection(SolutionProperties) = preSolution
		HideSolutionNode = FALSE
	EndGlobalSection
EndGlobal
